
Microsoft Visual Studio Solution File, Format Version 12.00
# Visual Studio Version 17
VisualStudioVersion = 17.8.34525.116
MinimumVisualStudioVersion = 10.0.40219.1
Project("{FAE04EC0-301F-11D3-BF4B-00C04F79EFBC}") = "FYPManagement", "FYPManagement.csproj", "{915CE86C-2365-458A-9416-1FE5CBEC3C7C}"
EndProject
Global
	GlobalSection(SolutionConfigurationPlatforms) = preSolution
		Debug|Any CPU = Debug|Any CPU
		Release|Any CPU = Release|Any CPU
	EndGlobalSection
	GlobalSection(ProjectConfigurationPlatforms) = postSolution
		{915CE86C-2365-458A-9416-1FE5CBEC3C7C}.Debug|Any CPU.ActiveCfg = Debug|Any CPU
		{915CE86C-2365-458A-9416-1FE5CBEC3C7C}.Debug|Any CPU.Build.0 = Debug|Any CPU
		{915CE86C-2365-458A-9416-1FE5CBEC3C7C}.Release|Any CPU.ActiveCfg = Release|Any CPU
		{915CE86C-2365-458A-9416-1FE5CBEC3C7C}.Release|Any CPU.Build.0 = Release|Any CPU
	EndGlobalSection
	GlobalSection(SolutionProperties) = preSolution
		HideSolutionNode = FALSE
	EndGlobalSection
	GlobalSection(ExtensibilityGlobals) = postSolution
		SolutionGuid = {0F8DAC9A-1753-4162-A492-F986357EA6E6}
	EndGlobalSection
EndGlobal
